
Microsoft Visual Studio Solution File, Format Version 12.00
# Visual Studio Version 16
VisualStudioVersion = 16.0.30711.63
MinimumVisualStudioVersion = 10.0.40219.1
Project("{FAE04EC0-301F-11D3-BF4B-00C04F79EFBC}") = "Bresenham", "Bresenham\Bresenham.csproj", "{B7AD5ED7-8BBB-4F99-B68C-DFCDCC30D806}"
EndProject
Global
	GlobalSection(SolutionConfigurationPlatforms) = preSolution
		Debug|Any CPU = Debug|Any CPU
		Release|Any CPU = Release|Any CPU
	EndGlobalSection
	GlobalSection(ProjectConfigurationPlatforms) = postSolution
		{B7AD5ED7-8BBB-4F99-B68C-DFCDCC30D806}.Debug|Any CPU.ActiveCfg = Debug|Any CPU
		{B7AD5ED7-8BBB-4F99-B68C-DFCDCC30D806}.Debug|Any CPU.Build.0 = Debug|Any CPU
		{B7AD5ED7-8BBB-4F99-B68C-DFCDCC30D806}.Release|Any CPU.ActiveCfg = Release|Any CPU
		{B7AD5ED7-8BBB-4F99-B68C-DFCDCC30D806}.Release|Any CPU.Build.0 = Release|Any CPU
	EndGlobalSection
	GlobalSection(SolutionProperties) = preSolution
		HideSolutionNode = FALSE
	EndGlobalSection
	GlobalSection(ExtensibilityGlobals) = postSolution
		SolutionGuid = {9CDFBC74-C0BF-4F2E-BC68-4F700772CC74}
	EndGlobalSection
EndGlobal
